Microsoft Visual Studio Solution File, Format Version 12.00
# Visual Studio Version 17
VisualStudioVersion = 17.5.2.0
MinimumVisualStudioVersion = 10.0.40219.1
Project("{FAE04EC0-301F-11D3-BF4B-00C04F79EFBC}") = "ProgramaEstoque", "ProgramaEstoque.csproj", "{ACD9588C-7CA3-AED6-D183-B83DB787EA06}"
EndProject
Global
	GlobalSection(SolutionConfigurationPlatforms) = preSolution
		Debug|Any CPU = Debug|Any CPU
		Release|Any CPU = Release|Any CPU
	EndGlobalSection
	GlobalSection(ProjectConfigurationPlatforms) = postSolution
		{ACD9588C-7CA3-AED6-D183-B83DB787EA06}.Debug|Any CPU.ActiveCfg = Debug|Any CPU
		{ACD9588C-7CA3-AED6-D183-B83DB787EA06}.Debug|Any CPU.Build.0 = Debug|Any CPU
		{ACD9588C-7CA3-AED6-D183-B83DB787EA06}.Release|Any CPU.ActiveCfg = Release|Any CPU
		{ACD9588C-7CA3-AED6-D183-B83DB787EA06}.Release|Any CPU.Build.0 = Release|Any CPU
	EndGlobalSection
	GlobalSection(SolutionProperties) = preSolution
		HideSolutionNode = FALSE
	EndGlobalSection
	GlobalSection(ExtensibilityGlobals) = postSolution
		SolutionGuid = {872502DA-A3FB-468C-9D9F-6C00BB58C6F6}
	EndGlobalSection
EndGlobal
