Microsoft Visual Studio Solution File, Format Version 12.00
# Visual Studio Version 17
VisualStudioVersion = 17.5.2.0
MinimumVisualStudioVersion = 10.0.40219.1
Project("{FAE04EC0-301F-11D3-BF4B-00C04F79EFBC}") = "TrabalhandoComClasses", "TrabalhandoComClasses.csproj", "{EB2F9BA8-82DD-48EA-1D62-C96307D1DFCF}"
EndProject
Global
	GlobalSection(SolutionConfigurationPlatforms) = preSolution
		Debug|Any CPU = Debug|Any CPU
		Release|Any CPU = Release|Any CPU
	EndGlobalSection
	GlobalSection(ProjectConfigurationPlatforms) = postSolution
		{EB2F9BA8-82DD-48EA-1D62-C96307D1DFCF}.Debug|Any CPU.ActiveCfg = Debug|Any CPU
		{EB2F9BA8-82DD-48EA-1D62-C96307D1DFCF}.Debug|Any CPU.Build.0 = Debug|Any CPU
		{EB2F9BA8-82DD-48EA-1D62-C96307D1DFCF}.Release|Any CPU.ActiveCfg = Release|Any CPU
		{EB2F9BA8-82DD-48EA-1D62-C96307D1DFCF}.Release|Any CPU.Build.0 = Release|Any CPU
	EndGlobalSection
	GlobalSection(SolutionProperties) = preSolution
		HideSolutionNode = FALSE
	EndGlobalSection
	GlobalSection(ExtensibilityGlobals) = postSolution
		SolutionGuid = {D569B2E4-E04F-4C80-BB15-87DFBB0C229D}
	EndGlobalSection
EndGlobal
