Microsoft Visual Studio Solution File, Format Version 12.00
# Visual Studio Version 17
VisualStudioVersion = 17.5.2.0
MinimumVisualStudioVersion = 10.0.40219.1
Project("{FAE04EC0-301F-11D3-BF4B-00C04F79EFBC}") = "projetoRetangulo", "projetoRetangulo.csproj", "{56177288-2F21-5DFB-15B3-A8E7D48B23BC}"
EndProject
Global
	GlobalSection(SolutionConfigurationPlatforms) = preSolution
		Debug|Any CPU = Debug|Any CPU
		Release|Any CPU = Release|Any CPU
	EndGlobalSection
	GlobalSection(ProjectConfigurationPlatforms) = postSolution
		{56177288-2F21-5DFB-15B3-A8E7D48B23BC}.Debug|Any CPU.ActiveCfg = Debug|Any CPU
		{56177288-2F21-5DFB-15B3-A8E7D48B23BC}.Debug|Any CPU.Build.0 = Debug|Any CPU
		{56177288-2F21-5DFB-15B3-A8E7D48B23BC}.Release|Any CPU.ActiveCfg = Release|Any CPU
		{56177288-2F21-5DFB-15B3-A8E7D48B23BC}.Release|Any CPU.Build.0 = Release|Any CPU
	EndGlobalSection
	GlobalSection(SolutionProperties) = preSolution
		HideSolutionNode = FALSE
	EndGlobalSection
	GlobalSection(ExtensibilityGlobals) = postSolution
		SolutionGuid = {C8FA5106-8098-4E2B-824C-119EAEF31222}
	EndGlobalSection
EndGlobal
