Microsoft Visual Studio Solution File, Format Version 12.00
# Visual Studio Version 17
VisualStudioVersion = 17.5.2.0
MinimumVisualStudioVersion = 10.0.40219.1
Project("{FAE04EC0-301F-11D3-BF4B-00C04F79EFBC}") = "ProgramaFuncionarios", "ProgramaFuncionarios.csproj", "{B8F985EF-FAC4-ACC6-AD3F-A6627BFE197A}"
EndProject
Global
	GlobalSection(SolutionConfigurationPlatforms) = preSolution
		Debug|Any CPU = Debug|Any CPU
		Release|Any CPU = Release|Any CPU
	EndGlobalSection
	GlobalSection(ProjectConfigurationPlatforms) = postSolution
		{B8F985EF-FAC4-ACC6-AD3F-A6627BFE197A}.Debug|Any CPU.ActiveCfg = Debug|Any CPU
		{B8F985EF-FAC4-ACC6-AD3F-A6627BFE197A}.Debug|Any CPU.Build.0 = Debug|Any CPU
		{B8F985EF-FAC4-ACC6-AD3F-A6627BFE197A}.Release|Any CPU.ActiveCfg = Release|Any CPU
		{B8F985EF-FAC4-ACC6-AD3F-A6627BFE197A}.Release|Any CPU.Build.0 = Release|Any CPU
	EndGlobalSection
	GlobalSection(SolutionProperties) = preSolution
		HideSolutionNode = FALSE
	EndGlobalSection
	GlobalSection(ExtensibilityGlobals) = postSolution
		SolutionGuid = {11AC9A8B-92F9-4155-BC46-07C89C35BB0F}
	EndGlobalSection
EndGlobal
